// !$*UTF8*$!
{
	archiveVersion = 1;
	classes = {
	};
	objectVersion = 46;
	objects = {

/* Begin PBXBuildFile section */
		D67DCE1A1ACAE4BF00188557 /* AppDelegate.swift in Sources */ = {isa = PBXBuildFile; fileRef = D67DCE191ACAE4BF00188557 /* AppDelegate.swift */; };
		D67DCE1C1ACAE4BF00188557 /* ViewController.swift in Sources */ = {isa = PBXBuildFile; fileRef = D67DCE1B1ACAE4BF00188557 /* ViewController.swift */; };
		D67DCE1E1ACAE4BF00188557 /* Images.xcassets in Resources */ = {isa = PBXBuildFile; fileRef = D67DCE1D1ACAE4BF00188557 /* Images.xcassets */; };
		D67DCE211ACAE4BF00188557 /* Main.storyboard in Resources */ = {isa = PBXBuildFile; fileRef = D67DCE1F1ACAE4BF00188557 /* Main.storyboard */; };
		D67DCE2D1ACAE4BF00188557 /* PocoTestTests.swift in Sources */ = {isa = PBXBuildFile; fileRef = D67DCE2C1ACAE4BF00188557 /* PocoTestTests.swift */; };
		D67DCE391ACAE70900188557 /* application.cpp in Sources */ = {isa = PBXBuildFile; fileRef = D67DCE371ACAE70900188557 /* application.cpp */; };
		D67DCE3C1ACAE85700188557 /* application_bridge.cpp in Sources */ = {isa = PBXBuildFile; fileRef = D67DCE3B1ACAE85700188557 /* application_bridge.cpp */; };
/* End PBXBuildFile section */

/* Begin PBXContainerItemProxy section */
		D67DCE271ACAE4BF00188557 /* PBXContainerItemProxy */ = {
			isa = PBXContainerItemProxy;
			containerPortal = D67DCE0C1ACAE4BF00188557 /* Project object */;
			proxyType = 1;
			remoteGlobalIDString = D67DCE131ACAE4BF00188557;
			remoteInfo = PocoTest;
		};
/* End PBXContainerItemProxy section */

/* Begin PBXFileReference section */
		D67DCE141ACAE4BF00188557 /* PocoTest.app */ = {isa = PBXFileReference; explicitFileType = wrapper.application; includeInIndex = 0; path = PocoTest.app; sourceTree = BUILT_PRODUCTS_DIR; };
		D67DCE181ACAE4BF00188557 /* Info.plist */ = {isa = PBXFileReference; lastKnownFileType = text.plist.xml; path = Info.plist; sourceTree = "<group>"; };
		D67DCE191ACAE4BF00188557 /* AppDelegate.swift */ = {isa = PBXFileReference; lastKnownFileType = sourcecode.swift; path = AppDelegate.swift; sourceTree = "<group>"; };
		D67DCE1B1ACAE4BF00188557 /* ViewController.swift */ = {isa = PBXFileReference; lastKnownFileType = sourcecode.swift; path = ViewController.swift; sourceTree = "<group>"; };
		D67DCE1D1ACAE4BF00188557 /* Images.xcassets */ = {isa = PBXFileReference; lastKnownFileType = folder.assetcatalog; path = Images.xcassets; sourceTree = "<group>"; };
		D67DCE201ACAE4BF00188557 /* Base */ = {isa = PBXFileReference; lastKnownFileType = file.storyboard; name = Base; path = Base.lproj/Main.storyboard; sourceTree = "<group>"; };
		D67DCE261ACAE4BF00188557 /* PocoTestTests.xctest */ = {isa = PBXFileReference; explicitFileType = wrapper.cfbundle; includeInIndex = 0; path = PocoTestTests.xctest; sourceTree = BUILT_PRODUCTS_DIR; };
		D67DCE2B1ACAE4BF00188557 /* Info.plist */ = {isa = PBXFileReference; lastKnownFileType = text.plist.xml; path = Info.plist; sourceTree = "<group>"; };
		D67DCE2C1ACAE4BF00188557 /* PocoTestTests.swift */ = {isa = PBXFileReference; lastKnownFileType = sourcecode.swift; path = PocoTestTests.swift; sourceTree = "<group>"; };
		D67DCE361ACAE70900188557 /* PocoTest-Bridging-Header.h */ = {isa = PBXFileReference; lastKnownFileType = sourcecode.c.h; path = "PocoTest-Bridging-Header.h"; sourceTree = "<group>"; };
		D67DCE371ACAE70900188557 /* application.cpp */ = {isa = PBXFileReference; fileEncoding = 4; lastKnownFileType = sourcecode.cpp.cpp; path = application.cpp; sourceTree = "<group>"; };
		D67DCE381ACAE70900188557 /* application.h */ = {isa = PBXFileReference; fileEncoding = 4; lastKnownFileType = sourcecode.c.h; path = application.h; sourceTree = "<group>"; };
		D67DCE3A1ACAE80600188557 /* application_bridge.h */ = {isa = PBXFileReference; lastKnownFileType = sourcecode.c.h; path = application_bridge.h; sourceTree = "<group>"; };
		D67DCE3B1ACAE85700188557 /* application_bridge.cpp */ = {isa = PBXFileReference; fileEncoding = 4; lastKnownFileType = sourcecode.cpp.cpp; path = application_bridge.cpp; sourceTree = "<group>"; };
/* End PBXFileReference section */

/* Begin PBXFrameworksBuildPhase section */
		D67DCE111ACAE4BF00188557 /* Frameworks */ = {
			isa = PBXFrameworksBuildPhase;
			buildActionMask = 2147483647;
			files = (
			);
			runOnlyForDeploymentPostprocessing = 0;
		};
		D67DCE231ACAE4BF00188557 /* Frameworks */ = {
			isa = PBXFrameworksBuildPhase;
			buildActionMask = 2147483647;
			files = (
			);
			runOnlyForDeploymentPostprocessing = 0;
		};
/* End PBXFrameworksBuildPhase section */

/* Begin PBXGroup section */
		D67DCE0B1ACAE4BF00188557 = {
			isa = PBXGroup;
			children = (
				D67DCE161ACAE4BF00188557 /* PocoTest */,
				D67DCE291ACAE4BF00188557 /* PocoTestTests */,
				D67DCE151ACAE4BF00188557 /* Products */,
			);
			sourceTree = "<group>";
		};
		D67DCE151ACAE4BF00188557 /* Products */ = {
			isa = PBXGroup;
			children = (
				D67DCE141ACAE4BF00188557 /* PocoTest.app */,
				D67DCE261ACAE4BF00188557 /* PocoTestTests.xctest */,
			);
			name = Products;
			sourceTree = "<group>";
		};
		D67DCE161ACAE4BF00188557 /* PocoTest */ = {
			isa = PBXGroup;
			children = (
				D67DCE191ACAE4BF00188557 /* AppDelegate.swift */,
				D67DCE1B1ACAE4BF00188557 /* ViewController.swift */,
				D67DCE1D1ACAE4BF00188557 /* Images.xcassets */,
				D67DCE1F1ACAE4BF00188557 /* Main.storyboard */,
				D67DCE171ACAE4BF00188557 /* Supporting Files */,
				D67DCE3A1ACAE80600188557 /* application_bridge.h */,
				D67DCE3B1ACAE85700188557 /* application_bridge.cpp */,
				D67DCE381ACAE70900188557 /* application.h */,
				D67DCE371ACAE70900188557 /* application.cpp */,
			);
			path = PocoTest;
			sourceTree = "<group>";
		};
		D67DCE171ACAE4BF00188557 /* Supporting Files */ = {
			isa = PBXGroup;
			children = (
				D67DCE181ACAE4BF00188557 /* Info.plist */,
				D67DCE361ACAE70900188557 /* PocoTest-Bridging-Header.h */,
			);
			name = "Supporting Files";
			sourceTree = "<group>";
		};
		D67DCE291ACAE4BF00188557 /* PocoTestTests */ = {
			isa = PBXGroup;
			children = (
				D67DCE2C1ACAE4BF00188557 /* PocoTestTests.swift */,
				D67DCE2A1ACAE4BF00188557 /* Supporting Files */,
			);
			path = PocoTestTests;
			sourceTree = "<group>";
		};
		D67DCE2A1ACAE4BF00188557 /* Supporting Files */ = {
			isa = PBXGroup;
			children = (
				D67DCE2B1ACAE4BF00188557 /* Info.plist */,
			);
			name = "Supporting Files";
			sourceTree = "<group>";
		};
/* End PBXGroup section */

/* Begin PBXNativeTarget section */
		D67DCE131ACAE4BF00188557 /* PocoTest */ = {
			isa = PBXNativeTarget;
			buildConfigurationList = D67DCE301ACAE4BF00188557 /* Build configuration list for PBXNativeTarget "PocoTest" */;
			buildPhases = (
				D67DCE101ACAE4BF00188557 /* Sources */,
				D67DCE111ACAE4BF00188557 /* Frameworks */,
				D67DCE121ACAE4BF00188557 /* Resources */,
			);
			buildRules = (
			);
			dependencies = (
			);
			name = PocoTest;
			productName = PocoTest;
			productReference = D67DCE141ACAE4BF00188557 /* PocoTest.app */;
			productType = "com.apple.product-type.application";
		};
		D67DCE251ACAE4BF00188557 /* PocoTestTests */ = {
			isa = PBXNativeTarget;
			buildConfigurationList = D67DCE331ACAE4BF00188557 /* Build configuration list for PBXNativeTarget "PocoTestTests" */;
			buildPhases = (
				D67DCE221ACAE4BF00188557 /* Sources */,
				D67DCE231ACAE4BF00188557 /* Frameworks */,
				D67DCE241ACAE4BF00188557 /* Resources */,
			);
			buildRules = (
			);
			dependencies = (
				D67DCE281ACAE4BF00188557 /* PBXTargetDependency */,
			);
			name = PocoTestTests;
			productName = PocoTestTests;
			productReference = D67DCE261ACAE4BF00188557 /* PocoTestTests.xctest */;
			productType = "com.apple.product-type.bundle.unit-test";
		};
/* End PBXNativeTarget section */

/* Begin PBXProject section */
		D67DCE0C1ACAE4BF00188557 /* Project object */ = {
			isa = PBXProject;
			attributes = {
				LastUpgradeCheck = 0630;
				ORGANIZATIONNAME = omochimetaru;
				TargetAttributes = {
					D67DCE131ACAE4BF00188557 = {
						CreatedOnToolsVersion = 6.3;
					};
					D67DCE251ACAE4BF00188557 = {
						CreatedOnToolsVersion = 6.3;
						TestTargetID = D67DCE131ACAE4BF00188557;
					};
				};
			};
			buildConfigurationList = D67DCE0F1ACAE4BF00188557 /* Build configuration list for PBXProject "PocoTest" */;
			compatibilityVersion = "Xcode 3.2";
			developmentRegion = English;
			hasScannedForEncodings = 0;
			knownRegions = (
				en,
				Base,
			);
			mainGroup = D67DCE0B1ACAE4BF00188557;
			productRefGroup = D67DCE151ACAE4BF00188557 /* Products */;
			projectDirPath = "";
			projectRoot = "";
			targets = (
				D67DCE131ACAE4BF00188557 /* PocoTest */,
				D67DCE251ACAE4BF00188557 /* PocoTestTests */,
			);
		};
/* End PBXProject section */

/* Begin PBXResourcesBuildPhase section */
		D67DCE121ACAE4BF00188557 /* Resources */ = {
			isa = PBXResourcesBuildPhase;
			buildActionMask = 2147483647;
			files = (
				D67DCE1E1ACAE4BF00188557 /* Images.xcassets in Resources */,
				D67DCE211ACAE4BF00188557 /* Main.storyboard in Resources */,
			);
			runOnlyForDeploymentPostprocessing = 0;
		};
		D67DCE241ACAE4BF00188557 /* Resources */ = {
			isa = PBXResourcesBuildPhase;
			buildActionMask = 2147483647;
			files = (
			);
			runOnlyForDeploymentPostprocessing = 0;
		};
/* End PBXResourcesBuildPhase section */

/* Begin PBXSourcesBuildPhase section */
		D67DCE101ACAE4BF00188557 /* Sources */ = {
			isa = PBXSourcesBuildPhase;
			buildActionMask = 2147483647;
			files = (
				D67DCE1C1ACAE4BF00188557 /* ViewController.swift in Sources */,
				D67DCE1A1ACAE4BF00188557 /* AppDelegate.swift in Sources */,
				D67DCE391ACAE70900188557 /* application.cpp in Sources */,
				D67DCE3C1ACAE85700188557 /* application_bridge.cpp in Sources */,
			);
			runOnlyForDeploymentPostprocessing = 0;
		};
		D67DCE221ACAE4BF00188557 /* Sources */ = {
			isa = PBXSourcesBuildPhase;
			buildActionMask = 2147483647;
			files = (
				D67DCE2D1ACAE4BF00188557 /* PocoTestTests.swift in Sources */,
			);
			runOnlyForDeploymentPostprocessing = 0;
		};
/* End PBXSourcesBuildPhase section */

/* Begin PBXTargetDependency section */
		D67DCE281ACAE4BF00188557 /* PBXTargetDependency */ = {
			isa = PBXTargetDependency;
			target = D67DCE131ACAE4BF00188557 /* PocoTest */;
			targetProxy = D67DCE271ACAE4BF00188557 /* PBXContainerItemProxy */;
		};
/* End PBXTargetDependency section */

/* Begin PBXVariantGroup section */
		D67DCE1F1ACAE4BF00188557 /* Main.storyboard */ = {
			isa = PBXVariantGroup;
			children = (
				D67DCE201ACAE4BF00188557 /* Base */,
			);
			name = Main.storyboard;
			sourceTree = "<group>";
		};
/* End PBXVariantGroup section */

/* Begin XCBuildConfiguration section */
		D67DCE2E1ACAE4BF00188557 /* Debug */ = {
			isa = XCBuildConfiguration;
			buildSettings = {
				ALWAYS_SEARCH_USER_PATHS = NO;
				CLANG_CXX_LANGUAGE_STANDARD = "gnu++0x";
				CLANG_CXX_LIBRARY = "libc++";
				CLANG_ENABLE_MODULES = YES;
				CLANG_ENABLE_OBJC_ARC = YES;
				CLANG_WARN_BOOL_CONVERSION = YES;
				CLANG_WARN_CONSTANT_CONVERSION = YES;
				CLANG_WARN_DIRECT_OBJC_ISA_USAGE = YES_ERROR;
				CLANG_WARN_EMPTY_BODY = YES;
				CLANG_WARN_ENUM_CONVERSION = YES;
				CLANG_WARN_INT_CONVERSION = YES;
				CLANG_WARN_OBJC_ROOT_CLASS = YES_ERROR;
				CLANG_WARN_UNREACHABLE_CODE = YES;
				CLANG_WARN__DUPLICATE_METHOD_MATCH = YES;
				CODE_SIGN_IDENTITY = "-";
				COPY_PHASE_STRIP = NO;
				DEBUG_INFORMATION_FORMAT = dwarf;
				ENABLE_STRICT_OBJC_MSGSEND = YES;
				GCC_C_LANGUAGE_STANDARD = gnu99;
				GCC_DYNAMIC_NO_PIC = NO;
				GCC_NO_COMMON_BLOCKS = YES;
				GCC_OPTIMIZATION_LEVEL = 0;
				GCC_PREPROCESSOR_DEFINITIONS = (
					"DEBUG=1",
					"$(inherited)",
				);
				GCC_SYMBOLS_PRIVATE_EXTERN = NO;
				GCC_WARN_64_TO_32_BIT_CONVERSION = YES;
				GCC_WARN_ABOUT_RETURN_TYPE = YES_ERROR;
				GCC_WARN_UNDECLARED_SELECTOR = YES;
				GCC_WARN_UNINITIALIZED_AUTOS = YES_AGGRESSIVE;
				GCC_WARN_UNUSED_FUNCTION = YES;
				GCC_WARN_UNUSED_VARIABLE = YES;
				MACOSX_DEPLOYMENT_TARGET = 10.10;
				MTL_ENABLE_DEBUG_INFO = YES;
				ONLY_ACTIVE_ARCH = YES;
				SDKROOT = macosx;
				SWIFT_OPTIMIZATION_LEVEL = "-Onone";
			};
			name = Debug;
		};
		D67DCE2F1ACAE4BF00188557 /* Release */ = {
			isa = XCBuildConfiguration;
			buildSettings = {
				ALWAYS_SEARCH_USER_PATHS = NO;
				CLANG_CXX_LANGUAGE_STANDARD = "gnu++0x";
				CLANG_CXX_LIBRARY = "libc++";
				CLANG_ENABLE_MODULES = YES;
				CLANG_ENABLE_OBJC_ARC = YES;
				CLANG_WARN_BOOL_CONVERSION = YES;
				CLANG_WARN_CONSTANT_CONVERSION = YES;
				CLANG_WARN_DIRECT_OBJC_ISA_USAGE = YES_ERROR;
				CLANG_WARN_EMPTY_BODY = YES;
				CLANG_WARN_ENUM_CONVERSION = YES;
				CLANG_WARN_INT_CONVERSION = YES;
				CLANG_WARN_OBJC_ROOT_CLASS = YES_ERROR;
				CLANG_WARN_UNREACHABLE_CODE = YES;
				CLANG_WARN__DUPLICATE_METHOD_MATCH = YES;
				CODE_SIGN_IDENTITY = "-";
				COPY_PHASE_STRIP = NO;
				DEBUG_INFORMATION_FORMAT = "dwarf-with-dsym";
				ENABLE_NS_ASSERTIONS = NO;
				ENABLE_STRICT_OBJC_MSGSEND = YES;
				GCC_C_LANGUAGE_STANDARD = gnu99;
				GCC_NO_COMMON_BLOCKS = YES;
				GCC_WARN_64_TO_32_BIT_CONVERSION = YES;
				GCC_WARN_ABOUT_RETURN_TYPE = YES_ERROR;
				GCC_WARN_UNDECLARED_SELECTOR = YES;
				GCC_WARN_UNINITIALIZED_AUTOS = YES_AGGRESSIVE;
				GCC_WARN_UNUSED_FUNCTION = YES;
				GCC_WARN_UNUSED_VARIABLE = YES;
				MACOSX_DEPLOYMENT_TARGET = 10.10;
				MTL_ENABLE_DEBUG_INFO = NO;
				SDKROOT = macosx;
			};
			name = Release;
		};
		D67DCE311ACAE4BF00188557 /* Debug */ = {
			isa = XCBuildConfiguration;
			buildSettings = {
				ASSETCATALOG_COMPILER_APPICON_NAME = AppIcon;
				CLANG_ENABLE_MODULES = YES;
				COMBINE_HIDPI_IMAGES = YES;
				INFOPLIST_FILE = PocoTest/Info.plist;
				LD_RUNPATH_SEARCH_PATHS = "$(inherited) @executable_path/../Frameworks";
				PRODUCT_NAME = "$(TARGET_NAME)";
				SWIFT_OBJC_BRIDGING_HEADER = "PocoTest/PocoTest-Bridging-Header.h";
				SWIFT_OPTIMIZATION_LEVEL = "-Onone";
			};
			name = Debug;
		};
		D67DCE321ACAE4BF00188557 /* Release */ = {
			isa = XCBuildConfiguration;
			buildSettings = {
				ASSETCATALOG_COMPILER_APPICON_NAME = AppIcon;
				CLANG_ENABLE_MODULES = YES;
				COMBINE_HIDPI_IMAGES = YES;
				INFOPLIST_FILE = PocoTest/Info.plist;
				LD_RUNPATH_SEARCH_PATHS = "$(inherited) @executable_path/../Frameworks";
				PRODUCT_NAME = "$(TARGET_NAME)";
				SWIFT_OBJC_BRIDGING_HEADER = "PocoTest/PocoTest-Bridging-Header.h";
			};
			name = Release;
		};
		D67DCE341ACAE4BF00188557 /* Debug */ = {
			isa = XCBuildConfiguration;
			buildSettings = {
				BUNDLE_LOADER = "$(TEST_HOST)";
				COMBINE_HIDPI_IMAGES = YES;
				FRAMEWORK_SEARCH_PATHS = (
					"$(DEVELOPER_FRAMEWORKS_DIR)",
					"$(inherited)",
				);
				GCC_PREPROCESSOR_DEFINITIONS = (
					"DEBUG=1",
					"$(inherited)",
				);
				INFOPLIST_FILE = PocoTestTests/Info.plist;
				LD_RUNPATH_SEARCH_PATHS = "$(inherited) @executable_path/../Frameworks @loader_path/../Frameworks";
				PRODUCT_NAME = "$(TARGET_NAME)";
				TEST_HOST = "$(BUILT_PRODUCTS_DIR)/PocoTest.app/Contents/MacOS/PocoTest";
			};
			name = Debug;
		};
		D67DCE351ACAE4BF00188557 /* Release */ = {
			isa = XCBuildConfiguration;
			buildSettings = {
				BUNDLE_LOADER = "$(TEST_HOST)";
				COMBINE_HIDPI_IMAGES = YES;
				FRAMEWORK_SEARCH_PATHS = (
					"$(DEVELOPER_FRAMEWORKS_DIR)",
					"$(inherited)",
				);
				INFOPLIST_FILE = PocoTestTests/Info.plist;
				LD_RUNPATH_SEARCH_PATHS = "$(inherited) @executable_path/../Frameworks @loader_path/../Frameworks";
				PRODUCT_NAME = "$(TARGET_NAME)";
				TEST_HOST = "$(BUILT_PRODUCTS_DIR)/PocoTest.app/Contents/MacOS/PocoTest";
			};
			name = Release;
		};
/* End XCBuildConfiguration section */

/* Begin XCConfigurationList section */
		D67DCE0F1ACAE4BF00188557 /* Build configuration list for PBXProject "PocoTest" */ = {
			isa = XCConfigurationList;
			buildConfigurations = (
				D67DCE2E1ACAE4BF00188557 /* Debug */,
				D67DCE2F1ACAE4BF00188557 /* Release */,
			);
			defaultConfigurationIsVisible = 0;
			defaultConfigurationName = Release;
		};
		D67DCE301ACAE4BF00188557 /* Build configuration list for PBXNativeTarget "PocoTest" */ = {
			isa = XCConfigurationList;
			buildConfigurations = (
				D67DCE311ACAE4BF00188557 /* Debug */,
				D67DCE321ACAE4BF00188557 /* Release */,
			);
			defaultConfigurationIsVisible = 0;
		};
		D67DCE331ACAE4BF00188557 /* Build configuration list for PBXNativeTarget "PocoTestTests" */ = {
			isa = XCConfigurationList;
			buildConfigurations = (
				D67DCE341ACAE4BF00188557 /* Debug */,
				D67DCE351ACAE4BF00188557 /* Release */,
			);
			defaultConfigurationIsVisible = 0;
		};
/* End XCConfigurationList section */
	};
	rootObject = D67DCE0C1ACAE4BF00188557 /* Project object */;
}
